
Microsoft Visual Studio Solution File, Format Version 12.00
# Visual Studio Version 16
VisualStudioVersion = 16.0.31727.386
MinimumVisualStudioVersion = 10.0.40219.1
Project("{FAE04EC0-301F-11D3-BF4B-00C04F79EFBC}") = "ConstasBancarias", "ConstasBancarias\ConstasBancarias.csproj", "{417C5FDE-B0BD-4031-AF75-FE98A51F2C71}"
EndProject
Global
	GlobalSection(SolutionConfigurationPlatforms) = preSolution
		Debug|Any CPU = Debug|Any CPU
		Release|Any CPU = Release|Any CPU
	EndGlobalSection
	GlobalSection(ProjectConfigurationPlatforms) = postSolution
		{417C5FDE-B0BD-4031-AF75-FE98A51F2C71}.Debug|Any CPU.ActiveCfg = Debug|Any CPU
		{417C5FDE-B0BD-4031-AF75-FE98A51F2C71}.Debug|Any CPU.Build.0 = Debug|Any CPU
		{417C5FDE-B0BD-4031-AF75-FE98A51F2C71}.Release|Any CPU.ActiveCfg = Release|Any CPU
		{417C5FDE-B0BD-4031-AF75-FE98A51F2C71}.Release|Any CPU.Build.0 = Release|Any CPU
	EndGlobalSection
	GlobalSection(SolutionProperties) = preSolution
		HideSolutionNode = FALSE
	EndGlobalSection
	GlobalSection(ExtensibilityGlobals) = postSolution
		SolutionGuid = {D9C15C56-A248-4A68-A5C1-B67B43F7B9B9}
	EndGlobalSection
EndGlobal
