
Microsoft Visual Studio Solution File, Format Version 12.00
# Visual Studio Version 16
VisualStudioVersion = 16.0.31624.102
MinimumVisualStudioVersion = 10.0.40219.1
Project("{FAE04EC0-301F-11D3-BF4B-00C04F79EFBC}") = "SaidaDados", "SaidaDados\SaidaDados.csproj", "{DD1E5003-E7FE-43B7-90A8-D678AD83A5CF}"
EndProject
Global
	GlobalSection(SolutionConfigurationPlatforms) = preSolution
		Debug|Any CPU = Debug|Any CPU
		Release|Any CPU = Release|Any CPU
	EndGlobalSection
	GlobalSection(ProjectConfigurationPlatforms) = postSolution
		{DD1E5003-E7FE-43B7-90A8-D678AD83A5CF}.Debug|Any CPU.ActiveCfg = Debug|Any CPU
		{DD1E5003-E7FE-43B7-90A8-D678AD83A5CF}.Debug|Any CPU.Build.0 = Debug|Any CPU
		{DD1E5003-E7FE-43B7-90A8-D678AD83A5CF}.Release|Any CPU.ActiveCfg = Release|Any CPU
		{DD1E5003-E7FE-43B7-90A8-D678AD83A5CF}.Release|Any CPU.Build.0 = Release|Any CPU
	EndGlobalSection
	GlobalSection(SolutionProperties) = preSolution
		HideSolutionNode = FALSE
	EndGlobalSection
	GlobalSection(ExtensibilityGlobals) = postSolution
		SolutionGuid = {1BEBFD8D-8E75-48AE-BAAD-3C3A886F553C}
	EndGlobalSection
EndGlobal
