
Microsoft Visual Studio Solution File, Format Version 12.00
# Visual Studio Version 16
VisualStudioVersion = 16.0.31729.503
MinimumVisualStudioVersion = 10.0.40219.1
Project("{FAE04EC0-301F-11D3-BF4B-00C04F79EFBC}") = "Serializacao", "Serializacao\Serializacao.csproj", "{2626A63F-7736-4E6E-8CEA-A4D10C13964E}"
EndProject
Project("{FAE04EC0-301F-11D3-BF4B-00C04F79EFBC}") = "Desserializacao", "Desserializacao\Desserializacao.csproj", "{762E7DC4-3B43-4A70-9412-5EE06C1438E8}"
EndProject
Global
	GlobalSection(SolutionConfigurationPlatforms) = preSolution
		Debug|Any CPU = Debug|Any CPU
		Release|Any CPU = Release|Any CPU
	EndGlobalSection
	GlobalSection(ProjectConfigurationPlatforms) = postSolution
		{2626A63F-7736-4E6E-8CEA-A4D10C13964E}.Debug|Any CPU.ActiveCfg = Debug|Any CPU
		{2626A63F-7736-4E6E-8CEA-A4D10C13964E}.Debug|Any CPU.Build.0 = Debug|Any CPU
		{2626A63F-7736-4E6E-8CEA-A4D10C13964E}.Release|Any CPU.ActiveCfg = Release|Any CPU
		{2626A63F-7736-4E6E-8CEA-A4D10C13964E}.Release|Any CPU.Build.0 = Release|Any CPU
		{762E7DC4-3B43-4A70-9412-5EE06C1438E8}.Debug|Any CPU.ActiveCfg = Debug|Any CPU
		{762E7DC4-3B43-4A70-9412-5EE06C1438E8}.Debug|Any CPU.Build.0 = Debug|Any CPU
		{762E7DC4-3B43-4A70-9412-5EE06C1438E8}.Release|Any CPU.ActiveCfg = Release|Any CPU
		{762E7DC4-3B43-4A70-9412-5EE06C1438E8}.Release|Any CPU.Build.0 = Release|Any CPU
	EndGlobalSection
	GlobalSection(SolutionProperties) = preSolution
		HideSolutionNode = FALSE
	EndGlobalSection
	GlobalSection(ExtensibilityGlobals) = postSolution
		SolutionGuid = {AC59267E-6604-448D-BCB5-E4043149E71B}
	EndGlobalSection
EndGlobal
