
Microsoft Visual Studio Solution File, Format Version 12.00
# Visual Studio Version 16
VisualStudioVersion = 16.0.31624.102
MinimumVisualStudioVersion = 10.0.40219.1
Project("{FAE04EC0-301F-11D3-BF4B-00C04F79EFBC}") = "LocacaoCarros", "LocacaoCarros\LocacaoCarros.csproj", "{8C4B3F3B-B889-4762-B12B-D76D2778FEEF}"
EndProject
Global
	GlobalSection(SolutionConfigurationPlatforms) = preSolution
		Debug|Any CPU = Debug|Any CPU
		Release|Any CPU = Release|Any CPU
	EndGlobalSection
	GlobalSection(ProjectConfigurationPlatforms) = postSolution
		{8C4B3F3B-B889-4762-B12B-D76D2778FEEF}.Debug|Any CPU.ActiveCfg = Debug|Any CPU
		{8C4B3F3B-B889-4762-B12B-D76D2778FEEF}.Debug|Any CPU.Build.0 = Debug|Any CPU
		{8C4B3F3B-B889-4762-B12B-D76D2778FEEF}.Release|Any CPU.ActiveCfg = Release|Any CPU
		{8C4B3F3B-B889-4762-B12B-D76D2778FEEF}.Release|Any CPU.Build.0 = Release|Any CPU
	EndGlobalSection
	GlobalSection(SolutionProperties) = preSolution
		HideSolutionNode = FALSE
	EndGlobalSection
	GlobalSection(ExtensibilityGlobals) = postSolution
		SolutionGuid = {A19080D2-A780-4525-8F00-AB7D10819B5A}
	EndGlobalSection
EndGlobal
