
Microsoft Visual Studio Solution File, Format Version 12.00
# Visual Studio Version 16
VisualStudioVersion = 16.0.31624.102
MinimumVisualStudioVersion = 10.0.40219.1
Project("{FAE04EC0-301F-11D3-BF4B-00C04F79EFBC}") = "Produto_Estoque", "Produto_Estoque\Produto_Estoque.csproj", "{532E19BC-A802-4BB4-BAFC-8A5CE16BF821}"
EndProject
Global
	GlobalSection(SolutionConfigurationPlatforms) = preSolution
		Debug|Any CPU = Debug|Any CPU
		Release|Any CPU = Release|Any CPU
	EndGlobalSection
	GlobalSection(ProjectConfigurationPlatforms) = postSolution
		{532E19BC-A802-4BB4-BAFC-8A5CE16BF821}.Debug|Any CPU.ActiveCfg = Debug|Any CPU
		{532E19BC-A802-4BB4-BAFC-8A5CE16BF821}.Debug|Any CPU.Build.0 = Debug|Any CPU
		{532E19BC-A802-4BB4-BAFC-8A5CE16BF821}.Release|Any CPU.ActiveCfg = Release|Any CPU
		{532E19BC-A802-4BB4-BAFC-8A5CE16BF821}.Release|Any CPU.Build.0 = Release|Any CPU
	EndGlobalSection
	GlobalSection(SolutionProperties) = preSolution
		HideSolutionNode = FALSE
	EndGlobalSection
	GlobalSection(ExtensibilityGlobals) = postSolution
		SolutionGuid = {3238CA19-ED10-402A-8723-6B8433ED86D8}
	EndGlobalSection
EndGlobal
