
Microsoft Visual Studio Solution File, Format Version 12.00
# Visual Studio Version 16
VisualStudioVersion = 16.0.31624.102
MinimumVisualStudioVersion = 10.0.40219.1
Project("{FAE04EC0-301F-11D3-BF4B-00C04F79EFBC}") = "Triangulo", "Triangulo\Triangulo.csproj", "{FEE06959-8E89-491D-96EF-1D7D478316D0}"
EndProject
Global
	GlobalSection(SolutionConfigurationPlatforms) = preSolution
		Debug|Any CPU = Debug|Any CPU
		Release|Any CPU = Release|Any CPU
	EndGlobalSection
	GlobalSection(ProjectConfigurationPlatforms) = postSolution
		{FEE06959-8E89-491D-96EF-1D7D478316D0}.Debug|Any CPU.ActiveCfg = Debug|Any CPU
		{FEE06959-8E89-491D-96EF-1D7D478316D0}.Debug|Any CPU.Build.0 = Debug|Any CPU
		{FEE06959-8E89-491D-96EF-1D7D478316D0}.Release|Any CPU.ActiveCfg = Release|Any CPU
		{FEE06959-8E89-491D-96EF-1D7D478316D0}.Release|Any CPU.Build.0 = Release|Any CPU
	EndGlobalSection
	GlobalSection(SolutionProperties) = preSolution
		HideSolutionNode = FALSE
	EndGlobalSection
	GlobalSection(ExtensibilityGlobals) = postSolution
		SolutionGuid = {615430FB-293D-4FE6-B13B-EC4572C4D7DB}
	EndGlobalSection
EndGlobal
