
Microsoft Visual Studio Solution File, Format Version 12.00
# Visual Studio Version 16
VisualStudioVersion = 16.0.31624.102
MinimumVisualStudioVersion = 10.0.40219.1
Project("{FAE04EC0-301F-11D3-BF4B-00C04F79EFBC}") = "Revisao-05", "Revisao-05\Revisao-05.csproj", "{C2A0DA71-2732-48E2-9E2F-FE8E3BD5253F}"
EndProject
Global
	GlobalSection(SolutionConfigurationPlatforms) = preSolution
		Debug|Any CPU = Debug|Any CPU
		Release|Any CPU = Release|Any CPU
	EndGlobalSection
	GlobalSection(ProjectConfigurationPlatforms) = postSolution
		{C2A0DA71-2732-48E2-9E2F-FE8E3BD5253F}.Debug|Any CPU.ActiveCfg = Debug|Any CPU
		{C2A0DA71-2732-48E2-9E2F-FE8E3BD5253F}.Debug|Any CPU.Build.0 = Debug|Any CPU
		{C2A0DA71-2732-48E2-9E2F-FE8E3BD5253F}.Release|Any CPU.ActiveCfg = Release|Any CPU
		{C2A0DA71-2732-48E2-9E2F-FE8E3BD5253F}.Release|Any CPU.Build.0 = Release|Any CPU
	EndGlobalSection
	GlobalSection(SolutionProperties) = preSolution
		HideSolutionNode = FALSE
	EndGlobalSection
	GlobalSection(ExtensibilityGlobals) = postSolution
		SolutionGuid = {2FE8F3FD-6E89-4C2D-8C92-B4C23E95FCA7}
	EndGlobalSection
EndGlobal
